# This file is automatically @generated by Cargo.
# It is not intended for manual editing.
version = 4

[[package]]
name = "as-any"
version = "0.3.2"
source = "registry+https://github.com/rust-lang/crates.io-index"
checksum = "b0f477b951e452a0b6b4a10b53ccd569042d1d01729b519e02074a9c0958a063"

[[package]]
name = "picomeson"
version = "0.1.0"
dependencies = [
 "as-any",
 "semver",
]

[[package]]
name = "semver"
version = "1.0.26"
source = "registry+https://github.com/rust-lang/crates.io-index"
checksum = "56e6fa9c48d24d85fb3de5ad847117517440f6beceb7798af16b4a87d616b8d0"
